{
  "requires": true,
  "lockfileVersion": 1,
  "dependencies": {
    "@types/googlemaps": {
      "version": "3.43.3",
      "resolved": "https://registry.npmjs.org/@types/googlemaps/-/googlemaps-3.43.3.tgz",
      "integrity": "sha512-ZWNoz/O8MPEpiajvj7QiqCY8tTLFNqNZ/a+s+zTV58wFVNAvvqV4bdGfnsjTb5Cs4V6wEsLrX8XRhmnyYJ2Tdg=="
    },
    "axios": {
      "version": "0.17.1",
      "resolved": "https://registry.npmjs.org/axios/-/axios-0.17.1.tgz",
      "integrity": "sha1-LY4+XQvb1zJ/kbyBT1xXZg+Bgk0=",
      "requires": {
        "follow-redirects": "^1.2.5",
        "is-buffer": "^1.1.5"
      }
    },
    "axios-on-rails": {
      "version": "0.0.1",
      "resolved": "https://registry.npmjs.org/axios-on-rails/-/axios-on-rails-0.0.1.tgz",
      "integrity": "sha512-RJmyrzE1gBSt8yBWLO8WRlLO9VVG50KQurjaXuxJmhpZbftBWbIc8/xpRYpBEMCdhCvOue9/7w10f7H3xTgX9Q==",
      "requires": {
        "axios": "^0.17.1",
        "rails-ujs": "^5.1.4"
      }
    },
    "follow-redirects": {
      "version": "1.13.3",
      "resolved": "https://registry.npmjs.org/follow-redirects/-/follow-redirects-1.13.3.tgz",
      "integrity": "sha512-DUgl6+HDzB0iEptNQEXLx/KhTmDb8tZUHSeLqpnjpknR70H0nC2t9N73BK6fN4hOvJ84pKlIQVQ4k5FFlBedKA=="
    },
    "google-maps": {
      "version": "4.3.3",
      "resolved": "https://registry.npmjs.org/google-maps/-/google-maps-4.3.3.tgz",
      "integrity": "sha512-MQbEgBNQbGyV7mfS2tlFgW4EoGKLia24BvAl4a+kgsYWt4283kyPpaay/yKIsScQLr7nSUONaLNfOdMsCuJDEw==",
      "requires": {
        "@types/googlemaps": "^3.39.1"
      }
    },
    "is-buffer": {
      "version": "1.1.6",
      "resolved": "https://registry.npmjs.org/is-buffer/-/is-buffer-1.1.6.tgz",
      "integrity": "sha512-NcdALwpXkTm5Zvvbk7owOUSvVvBKDgKP5/ewfXEznmQFfs4ZRmanOeKBTjRVjka3QFoN6XJ+9F3USqfHqTaU5w=="
    },
    "rails-ujs": {
      "version": "5.2.4",
      "resolved": "https://registry.npmjs.org/rails-ujs/-/rails-ujs-5.2.4.tgz",
      "integrity": "sha512-Mzu6bnTBKn4IuJvP7BDJRy4lzvR1zMWVDeTdPwDubXBfxpFEKqwOi5Nb6tfE2SYtTd+bb3PRETf40I94jgKw3w=="
    }
  }
}
